
Microsoft Visual Studio Solution File, Format Version 12.00
# Visual Studio Version 16
VisualStudioVersion = 16.0.29519.87
MinimumVisualStudioVersion = 10.0.40219.1
Project("{8BC9CEB8-8B4A-11D0-8D11-00A0C91BC942}") = "Auto_QA", "Project2\Project2.vcxproj", "{7BB204F2-ED39-41F1-B92C-9B85F7C33B1B}"
EndProject
Project("{54435603-DBB4-11D2-8724-00A0C9A8B90C}") = "Auto_QA Installer", "Auto_QA Installer\Auto_QA Installer.vdproj", "{29B1A31A-9CE5-4BA7-ABF1-767CDA281AB1}"
EndProject
Global
	GlobalSection(SolutionConfigurationPlatforms) = preSolution
		Debug|x64 = Debug|x64
		Debug|x86 = Debug|x86
		Release|x64 = Release|x64
		Release|x86 = Release|x86
	EndGlobalSection
	GlobalSection(ProjectConfigurationPlatforms) = postSolution
		{7BB204F2-ED39-41F1-B92C-9B85F7C33B1B}.Debug|x64.ActiveCfg = Debug|x64
		{7BB204F2-ED39-41F1-B92C-9B85F7C33B1B}.Debug|x64.Build.0 = Debug|x64
		{7BB204F2-ED39-41F1-B92C-9B85F7C33B1B}.Debug|x86.ActiveCfg = Debug|Win32
		{7BB204F2-ED39-41F1-B92C-9B85F7C33B1B}.Debug|x86.Build.0 = Debug|Win32
		{7BB204F2-ED39-41F1-B92C-9B85F7C33B1B}.Release|x64.ActiveCfg = Release|x64
		{7BB204F2-ED39-41F1-B92C-9B85F7C33B1B}.Release|x64.Build.0 = Release|x64
		{7BB204F2-ED39-41F1-B92C-9B85F7C33B1B}.Release|x86.ActiveCfg = Release|Win32
		{7BB204F2-ED39-41F1-B92C-9B85F7C33B1B}.Release|x86.Build.0 = Release|Win32
		{29B1A31A-9CE5-4BA7-ABF1-767CDA281AB1}.Debug|x64.ActiveCfg = Debug
		{29B1A31A-9CE5-4BA7-ABF1-767CDA281AB1}.Debug|x86.ActiveCfg = Debug
		{29B1A31A-9CE5-4BA7-ABF1-767CDA281AB1}.Release|x64.ActiveCfg = Release
		{29B1A31A-9CE5-4BA7-ABF1-767CDA281AB1}.Release|x86.ActiveCfg = Release
	EndGlobalSection
	GlobalSection(SolutionProperties) = preSolution
		HideSolutionNode = FALSE
	EndGlobalSection
	GlobalSection(ExtensibilityGlobals) = postSolution
		SolutionGuid = {9E8CFEB5-37FB-497E-B07A-84D75F81EBA0}
	EndGlobalSection
EndGlobal
